
Microsoft Visual Studio Solution File, Format Version 12.00
# Visual Studio Version 17
VisualStudioVersion = 17.11.35327.3
MinimumVisualStudioVersion = 10.0.40219.1
Project("{FAE04EC0-301F-11D3-BF4B-00C04F79EFBC}") = "MethodsAndFunctionsPractice", "MethodsAndFunctionsPractice\MethodsAndFunctionsPractice.csproj", "{F59962DB-F410-4F23-AA65-D59B49463C5D}"
EndProject
Global
	GlobalSection(SolutionConfigurationPlatforms) = preSolution
		Debug|Any CPU = Debug|Any CPU
		Release|Any CPU = Release|Any CPU
	EndGlobalSection
	GlobalSection(ProjectConfigurationPlatforms) = postSolution
		{F59962DB-F410-4F23-AA65-D59B49463C5D}.Debug|Any CPU.ActiveCfg = Debug|Any CPU
		{F59962DB-F410-4F23-AA65-D59B49463C5D}.Debug|Any CPU.Build.0 = Debug|Any CPU
		{F59962DB-F410-4F23-AA65-D59B49463C5D}.Release|Any CPU.ActiveCfg = Release|Any CPU
		{F59962DB-F410-4F23-AA65-D59B49463C5D}.Release|Any CPU.Build.0 = Release|Any CPU
	EndGlobalSection
	GlobalSection(SolutionProperties) = preSolution
		HideSolutionNode = FALSE
	EndGlobalSection
	GlobalSection(ExtensibilityGlobals) = postSolution
		SolutionGuid = {E3070F4A-309B-4883-BC18-05276DED652C}
	EndGlobalSection
EndGlobal
