
Microsoft Visual Studio Solution File, Format Version 12.00
# Visual Studio Version 17
VisualStudioVersion = 17.14.36511.14 d17.14
MinimumVisualStudioVersion = 10.0.40219.1
Project("{FAE04EC0-301F-11D3-BF4B-00C04F79EFBC}") = "Delegates2", "Delegates2\Delegates2.csproj", "{544288C8-7999-4F21-87C8-695B1D17E94B}"
EndProject
Global
	GlobalSection(SolutionConfigurationPlatforms) = preSolution
		Debug|Any CPU = Debug|Any CPU
		Release|Any CPU = Release|Any CPU
	EndGlobalSection
	GlobalSection(ProjectConfigurationPlatforms) = postSolution
		{544288C8-7999-4F21-87C8-695B1D17E94B}.Debug|Any CPU.ActiveCfg = Debug|Any CPU
		{544288C8-7999-4F21-87C8-695B1D17E94B}.Debug|Any CPU.Build.0 = Debug|Any CPU
		{544288C8-7999-4F21-87C8-695B1D17E94B}.Release|Any CPU.ActiveCfg = Release|Any CPU
		{544288C8-7999-4F21-87C8-695B1D17E94B}.Release|Any CPU.Build.0 = Release|Any CPU
	EndGlobalSection
	GlobalSection(SolutionProperties) = preSolution
		HideSolutionNode = FALSE
	EndGlobalSection
	GlobalSection(ExtensibilityGlobals) = postSolution
		SolutionGuid = {2B3184E8-4AF3-483F-827C-4C0D63100800}
	EndGlobalSection
EndGlobal
