
Microsoft Visual Studio Solution File, Format Version 12.00
# Visual Studio Version 17
VisualStudioVersion = 17.14.36511.14 d17.14
MinimumVisualStudioVersion = 10.0.40219.1
Project("{FAE04EC0-301F-11D3-BF4B-00C04F79EFBC}") = "SortingAlgorithm", "SortingAlgorithm\SortingAlgorithm.csproj", "{F6078ADC-2A14-4FF8-80F3-9A86C27E6F3C}"
EndProject
Global
	GlobalSection(SolutionConfigurationPlatforms) = preSolution
		Debug|Any CPU = Debug|Any CPU
		Release|Any CPU = Release|Any CPU
	EndGlobalSection
	GlobalSection(ProjectConfigurationPlatforms) = postSolution
		{F6078ADC-2A14-4FF8-80F3-9A86C27E6F3C}.Debug|Any CPU.ActiveCfg = Debug|Any CPU
		{F6078ADC-2A14-4FF8-80F3-9A86C27E6F3C}.Debug|Any CPU.Build.0 = Debug|Any CPU
		{F6078ADC-2A14-4FF8-80F3-9A86C27E6F3C}.Release|Any CPU.ActiveCfg = Release|Any CPU
		{F6078ADC-2A14-4FF8-80F3-9A86C27E6F3C}.Release|Any CPU.Build.0 = Release|Any CPU
	EndGlobalSection
	GlobalSection(SolutionProperties) = preSolution
		HideSolutionNode = FALSE
	EndGlobalSection
	GlobalSection(ExtensibilityGlobals) = postSolution
		SolutionGuid = {A2ECBED1-486F-420F-9096-12B101ECA68C}
	EndGlobalSection
EndGlobal
