
Microsoft Visual Studio Solution File, Format Version 12.00
# Visual Studio Version 17
VisualStudioVersion = 17.9.34902.65
MinimumVisualStudioVersion = 10.0.40219.1
Project("{FAE04EC0-301F-11D3-BF4B-00C04F79EFBC}") = "3DArrays", "3DArrays\3DArrays.csproj", "{DD2BB118-ECE9-430B-9984-88C7EBBF779C}"
EndProject
Global
	GlobalSection(SolutionConfigurationPlatforms) = preSolution
		Debug|Any CPU = Debug|Any CPU
		Release|Any CPU = Release|Any CPU
	EndGlobalSection
	GlobalSection(ProjectConfigurationPlatforms) = postSolution
		{DD2BB118-ECE9-430B-9984-88C7EBBF779C}.Debug|Any CPU.ActiveCfg = Debug|Any CPU
		{DD2BB118-ECE9-430B-9984-88C7EBBF779C}.Debug|Any CPU.Build.0 = Debug|Any CPU
		{DD2BB118-ECE9-430B-9984-88C7EBBF779C}.Release|Any CPU.ActiveCfg = Release|Any CPU
		{DD2BB118-ECE9-430B-9984-88C7EBBF779C}.Release|Any CPU.Build.0 = Release|Any CPU
	EndGlobalSection
	GlobalSection(SolutionProperties) = preSolution
		HideSolutionNode = FALSE
	EndGlobalSection
	GlobalSection(ExtensibilityGlobals) = postSolution
		SolutionGuid = {354CE3BE-B751-418E-BF88-A153D3A561A0}
	EndGlobalSection
EndGlobal
