
Microsoft Visual Studio Solution File, Format Version 12.00
# Visual Studio Version 17
VisualStudioVersion = 17.14.36408.4 d17.14
MinimumVisualStudioVersion = 10.0.40219.1
Project("{FAE04EC0-301F-11D3-BF4B-00C04F79EFBC}") = "DependancyInjection2", "DependancyInjection2\DependancyInjection2.csproj", "{20BB4196-302A-4A49-917B-A75684B5A850}"
EndProject
Global
	GlobalSection(SolutionConfigurationPlatforms) = preSolution
		Debug|Any CPU = Debug|Any CPU
		Release|Any CPU = Release|Any CPU
	EndGlobalSection
	GlobalSection(ProjectConfigurationPlatforms) = postSolution
		{20BB4196-302A-4A49-917B-A75684B5A850}.Debug|Any CPU.ActiveCfg = Debug|Any CPU
		{20BB4196-302A-4A49-917B-A75684B5A850}.Debug|Any CPU.Build.0 = Debug|Any CPU
		{20BB4196-302A-4A49-917B-A75684B5A850}.Release|Any CPU.ActiveCfg = Release|Any CPU
		{20BB4196-302A-4A49-917B-A75684B5A850}.Release|Any CPU.Build.0 = Release|Any CPU
	EndGlobalSection
	GlobalSection(SolutionProperties) = preSolution
		HideSolutionNode = FALSE
	EndGlobalSection
	GlobalSection(ExtensibilityGlobals) = postSolution
		SolutionGuid = {E6C8F006-0176-48B9-BB85-08D722735B85}
	EndGlobalSection
EndGlobal
