
Microsoft Visual Studio Solution File, Format Version 12.00
# Visual Studio Version 17
VisualStudioVersion = 17.7.34221.43
MinimumVisualStudioVersion = 10.0.40219.1
Project("{FAE04EC0-301F-11D3-BF4B-00C04F79EFBC}") = "ForLoop", "ForLoop\ForLoop.csproj", "{DF3C11F0-A099-4A4E-8BB4-84BBB30BE02F}"
EndProject
Global
	GlobalSection(SolutionConfigurationPlatforms) = preSolution
		Debug|Any CPU = Debug|Any CPU
		Release|Any CPU = Release|Any CPU
	EndGlobalSection
	GlobalSection(ProjectConfigurationPlatforms) = postSolution
		{DF3C11F0-A099-4A4E-8BB4-84BBB30BE02F}.Debug|Any CPU.ActiveCfg = Debug|Any CPU
		{DF3C11F0-A099-4A4E-8BB4-84BBB30BE02F}.Debug|Any CPU.Build.0 = Debug|Any CPU
		{DF3C11F0-A099-4A4E-8BB4-84BBB30BE02F}.Release|Any CPU.ActiveCfg = Release|Any CPU
		{DF3C11F0-A099-4A4E-8BB4-84BBB30BE02F}.Release|Any CPU.Build.0 = Release|Any CPU
	EndGlobalSection
	GlobalSection(SolutionProperties) = preSolution
		HideSolutionNode = FALSE
	EndGlobalSection
	GlobalSection(ExtensibilityGlobals) = postSolution
		SolutionGuid = {4CA89A52-0261-4786-87F4-9064D163E618}
	EndGlobalSection
EndGlobal
