
Microsoft Visual Studio Solution File, Format Version 12.00
# Visual Studio Version 17
VisualStudioVersion = 17.14.36616.10 d17.14
MinimumVisualStudioVersion = 10.0.40219.1
Project("{FAE04EC0-301F-11D3-BF4B-00C04F79EFBC}") = "TrafficLightSimulationSystem", "TrafficLightSimulationSystem\TrafficLightSimulationSystem.csproj", "{56533517-3D13-4413-A8DB-93A1E82DCB44}"
EndProject
Global
	GlobalSection(SolutionConfigurationPlatforms) = preSolution
		Debug|Any CPU = Debug|Any CPU
		Release|Any CPU = Release|Any CPU
	EndGlobalSection
	GlobalSection(ProjectConfigurationPlatforms) = postSolution
		{56533517-3D13-4413-A8DB-93A1E82DCB44}.Debug|Any CPU.ActiveCfg = Debug|Any CPU
		{56533517-3D13-4413-A8DB-93A1E82DCB44}.Debug|Any CPU.Build.0 = Debug|Any CPU
		{56533517-3D13-4413-A8DB-93A1E82DCB44}.Release|Any CPU.ActiveCfg = Release|Any CPU
		{56533517-3D13-4413-A8DB-93A1E82DCB44}.Release|Any CPU.Build.0 = Release|Any CPU
	EndGlobalSection
	GlobalSection(SolutionProperties) = preSolution
		HideSolutionNode = FALSE
	EndGlobalSection
	GlobalSection(ExtensibilityGlobals) = postSolution
		SolutionGuid = {7B1B4B2C-A8EE-4B0C-A7AC-2BC224494828}
	EndGlobalSection
EndGlobal
