
Microsoft Visual Studio Solution File, Format Version 12.00
# Visual Studio Version 17
VisualStudioVersion = 17.14.36429.23 d17.14
MinimumVisualStudioVersion = 10.0.40219.1
Project("{FAE04EC0-301F-11D3-BF4B-00C04F79EFBC}") = "Structs", "Structs\Structs.csproj", "{B229204C-EE08-4872-9495-800111CAB853}"
EndProject
Global
	GlobalSection(SolutionConfigurationPlatforms) = preSolution
		Debug|Any CPU = Debug|Any CPU
		Release|Any CPU = Release|Any CPU
	EndGlobalSection
	GlobalSection(ProjectConfigurationPlatforms) = postSolution
		{B229204C-EE08-4872-9495-800111CAB853}.Debug|Any CPU.ActiveCfg = Debug|Any CPU
		{B229204C-EE08-4872-9495-800111CAB853}.Debug|Any CPU.Build.0 = Debug|Any CPU
		{B229204C-EE08-4872-9495-800111CAB853}.Release|Any CPU.ActiveCfg = Release|Any CPU
		{B229204C-EE08-4872-9495-800111CAB853}.Release|Any CPU.Build.0 = Release|Any CPU
	EndGlobalSection
	GlobalSection(SolutionProperties) = preSolution
		HideSolutionNode = FALSE
	EndGlobalSection
	GlobalSection(ExtensibilityGlobals) = postSolution
		SolutionGuid = {B540E04C-C415-40F2-BCC1-D8F460BFAD25}
	EndGlobalSection
EndGlobal
