
Microsoft Visual Studio Solution File, Format Version 12.00
# Visual Studio Version 17
VisualStudioVersion = 17.9.34902.65
MinimumVisualStudioVersion = 10.0.40219.1
Project("{FAE04EC0-301F-11D3-BF4B-00C04F79EFBC}") = "LoopBasics", "LoopBasics\LoopBasics.csproj", "{2392C9B7-53ED-4169-807B-9FF38C144620}"
EndProject
Global
	GlobalSection(SolutionConfigurationPlatforms) = preSolution
		Debug|Any CPU = Debug|Any CPU
		Release|Any CPU = Release|Any CPU
	EndGlobalSection
	GlobalSection(ProjectConfigurationPlatforms) = postSolution
		{2392C9B7-53ED-4169-807B-9FF38C144620}.Debug|Any CPU.ActiveCfg = Debug|Any CPU
		{2392C9B7-53ED-4169-807B-9FF38C144620}.Debug|Any CPU.Build.0 = Debug|Any CPU
		{2392C9B7-53ED-4169-807B-9FF38C144620}.Release|Any CPU.ActiveCfg = Release|Any CPU
		{2392C9B7-53ED-4169-807B-9FF38C144620}.Release|Any CPU.Build.0 = Release|Any CPU
	EndGlobalSection
	GlobalSection(SolutionProperties) = preSolution
		HideSolutionNode = FALSE
	EndGlobalSection
	GlobalSection(ExtensibilityGlobals) = postSolution
		SolutionGuid = {7C9116B4-565A-455F-BA5A-5B2A250F9237}
	EndGlobalSection
EndGlobal
