
Microsoft Visual Studio Solution File, Format Version 12.00
# Visual Studio Version 17
VisualStudioVersion = 17.7.34221.43
MinimumVisualStudioVersion = 10.0.40219.1
Project("{FAE04EC0-301F-11D3-BF4B-00C04F79EFBC}") = "userInput", "userInput\userInput.csproj", "{268B4CDC-3516-49BE-A1FF-87EB28C7F5D9}"
EndProject
Global
	GlobalSection(SolutionConfigurationPlatforms) = preSolution
		Debug|Any CPU = Debug|Any CPU
		Release|Any CPU = Release|Any CPU
	EndGlobalSection
	GlobalSection(ProjectConfigurationPlatforms) = postSolution
		{268B4CDC-3516-49BE-A1FF-87EB28C7F5D9}.Debug|Any CPU.ActiveCfg = Debug|Any CPU
		{268B4CDC-3516-49BE-A1FF-87EB28C7F5D9}.Debug|Any CPU.Build.0 = Debug|Any CPU
		{268B4CDC-3516-49BE-A1FF-87EB28C7F5D9}.Release|Any CPU.ActiveCfg = Release|Any CPU
		{268B4CDC-3516-49BE-A1FF-87EB28C7F5D9}.Release|Any CPU.Build.0 = Release|Any CPU
	EndGlobalSection
	GlobalSection(SolutionProperties) = preSolution
		HideSolutionNode = FALSE
	EndGlobalSection
	GlobalSection(ExtensibilityGlobals) = postSolution
		SolutionGuid = {79AC6B02-8F4E-4218-880B-8F82CFC9817F}
	EndGlobalSection
EndGlobal
