
Microsoft Visual Studio Solution File, Format Version 12.00
# Visual Studio Version 17
VisualStudioVersion = 17.14.36310.24 d17.14
MinimumVisualStudioVersion = 10.0.40219.1
Project("{FAE04EC0-301F-11D3-BF4B-00C04F79EFBC}") = "Interfaces", "Interfaces\Interfaces.csproj", "{DE4BA449-2239-47F1-A955-458BD68F0271}"
EndProject
Global
	GlobalSection(SolutionConfigurationPlatforms) = preSolution
		Debug|Any CPU = Debug|Any CPU
		Release|Any CPU = Release|Any CPU
	EndGlobalSection
	GlobalSection(ProjectConfigurationPlatforms) = postSolution
		{DE4BA449-2239-47F1-A955-458BD68F0271}.Debug|Any CPU.ActiveCfg = Debug|Any CPU
		{DE4BA449-2239-47F1-A955-458BD68F0271}.Debug|Any CPU.Build.0 = Debug|Any CPU
		{DE4BA449-2239-47F1-A955-458BD68F0271}.Release|Any CPU.ActiveCfg = Release|Any CPU
		{DE4BA449-2239-47F1-A955-458BD68F0271}.Release|Any CPU.Build.0 = Release|Any CPU
	EndGlobalSection
	GlobalSection(SolutionProperties) = preSolution
		HideSolutionNode = FALSE
	EndGlobalSection
	GlobalSection(ExtensibilityGlobals) = postSolution
		SolutionGuid = {34E5DE4D-E5BB-4689-9F7A-08AAB870BE5E}
	EndGlobalSection
EndGlobal
