
Microsoft Visual Studio Solution File, Format Version 12.00
# Visual Studio Version 17
VisualStudioVersion = 17.7.34221.43
MinimumVisualStudioVersion = 10.0.40219.1
Project("{FAE04EC0-301F-11D3-BF4B-00C04F79EFBC}") = "NestedIfStatements", "NestedIfStatements\NestedIfStatements.csproj", "{BDAABACF-0A6E-4DBD-AE59-CB0680138D53}"
EndProject
Global
	GlobalSection(SolutionConfigurationPlatforms) = preSolution
		Debug|Any CPU = Debug|Any CPU
		Release|Any CPU = Release|Any CPU
	EndGlobalSection
	GlobalSection(ProjectConfigurationPlatforms) = postSolution
		{BDAABACF-0A6E-4DBD-AE59-CB0680138D53}.Debug|Any CPU.ActiveCfg = Debug|Any CPU
		{BDAABACF-0A6E-4DBD-AE59-CB0680138D53}.Debug|Any CPU.Build.0 = Debug|Any CPU
		{BDAABACF-0A6E-4DBD-AE59-CB0680138D53}.Release|Any CPU.ActiveCfg = Release|Any CPU
		{BDAABACF-0A6E-4DBD-AE59-CB0680138D53}.Release|Any CPU.Build.0 = Release|Any CPU
	EndGlobalSection
	GlobalSection(SolutionProperties) = preSolution
		HideSolutionNode = FALSE
	EndGlobalSection
	GlobalSection(ExtensibilityGlobals) = postSolution
		SolutionGuid = {0B9D665F-765C-4D36-9BB2-43C3812B3BC9}
	EndGlobalSection
EndGlobal
