
Microsoft Visual Studio Solution File, Format Version 12.00
# Visual Studio Version 17
VisualStudioVersion = 17.14.36203.30 d17.14
MinimumVisualStudioVersion = 10.0.40219.1
Project("{FAE04EC0-301F-11D3-BF4B-00C04F79EFBC}") = "EmployeeDirectory", "EmployeeDirectory\EmployeeDirectory.csproj", "{7DE099AC-0EF3-444B-85FC-E575F07608B6}"
EndProject
Global
	GlobalSection(SolutionConfigurationPlatforms) = preSolution
		Debug|Any CPU = Debug|Any CPU
		Release|Any CPU = Release|Any CPU
	EndGlobalSection
	GlobalSection(ProjectConfigurationPlatforms) = postSolution
		{7DE099AC-0EF3-444B-85FC-E575F07608B6}.Debug|Any CPU.ActiveCfg = Debug|Any CPU
		{7DE099AC-0EF3-444B-85FC-E575F07608B6}.Debug|Any CPU.Build.0 = Debug|Any CPU
		{7DE099AC-0EF3-444B-85FC-E575F07608B6}.Release|Any CPU.ActiveCfg = Release|Any CPU
		{7DE099AC-0EF3-444B-85FC-E575F07608B6}.Release|Any CPU.Build.0 = Release|Any CPU
	EndGlobalSection
	GlobalSection(SolutionProperties) = preSolution
		HideSolutionNode = FALSE
	EndGlobalSection
	GlobalSection(ExtensibilityGlobals) = postSolution
		SolutionGuid = {3A9C6E11-9A39-484C-82F8-4F7437BFB364}
	EndGlobalSection
EndGlobal
